
Microsoft Visual Studio Solution File, Format Version 12.00
Project("{FAE04EC0-301F-11D3-BF4B-00C04F79EFBC}") = "DemoMediatRWithFluentValidation", "DemoMediatRWithFluentValidation\DemoMediatRWithFluentValidation.csproj", "{25E91371-0E59-444E-A874-5DFA264EA8F0}"
EndProject
Global
	GlobalSection(SolutionConfigurationPlatforms) = preSolution
		Debug|Any CPU = Debug|Any CPU
		Release|Any CPU = Release|Any CPU
	EndGlobalSection
	GlobalSection(ProjectConfigurationPlatforms) = postSolution
		{25E91371-0E59-444E-A874-5DFA264EA8F0}.Debug|Any CPU.ActiveCfg = Debug|Any CPU
		{25E91371-0E59-444E-A874-5DFA264EA8F0}.Debug|Any CPU.Build.0 = Debug|Any CPU
		{25E91371-0E59-444E-A874-5DFA264EA8F0}.Release|Any CPU.ActiveCfg = Release|Any CPU
		{25E91371-0E59-444E-A874-5DFA264EA8F0}.Release|Any CPU.Build.0 = Release|Any CPU
	EndGlobalSection
EndGlobal
